
Microsoft Visual Studio Solution File, Format Version 12.00
# Visual Studio 15
VisualStudioVersion = 15.0.26124.0
MinimumVisualStudioVersion = 15.0.26124.0
Project("{FAE04EC0-301F-11D3-BF4B-00C04F79EFBC}") = "ProEventos.Application", "ProEventos.Application\ProEventos.Application.csproj", "{7410AB03-D144-4A88-9990-F7610D4FB750}"
EndProject
Project("{FAE04EC0-301F-11D3-BF4B-00C04F79EFBC}") = "ProEventos.Domain", "ProEventos.Domain\ProEventos.Domain.csproj", "{45231225-073A-4778-9123-1AF6D42BACC9}"
EndProject
Project("{FAE04EC0-301F-11D3-BF4B-00C04F79EFBC}") = "ProEventos.Persistence", "ProEventos.Persistence\ProEventos.Persistence.csproj", "{0D1CC4DE-1A8E-4BA1-B38C-3CDCEC421E98}"
EndProject
Project("{FAE04EC0-301F-11D3-BF4B-00C04F79EFBC}") = "ProEventos.API", "ProEventos.API\ProEventos.API.csproj", "{378E2DDA-7C4C-4E2D-B525-6B84C1A3F520}"
EndProject
Global
	GlobalSection(SolutionConfigurationPlatforms) = preSolution
		Debug|Any CPU = Debug|Any CPU
		Debug|x64 = Debug|x64
		Debug|x86 = Debug|x86
		Release|Any CPU = Release|Any CPU
		Release|x64 = Release|x64
		Release|x86 = Release|x86
	EndGlobalSection
	GlobalSection(SolutionProperties) = preSolution
		HideSolutionNode = FALSE
	EndGlobalSection
	GlobalSection(ProjectConfigurationPlatforms) = postSolution
		{7410AB03-D144-4A88-9990-F7610D4FB750}.Debug|Any CPU.ActiveCfg = Debug|Any CPU
		{7410AB03-D144-4A88-9990-F7610D4FB750}.Debug|Any CPU.Build.0 = Debug|Any CPU
		{7410AB03-D144-4A88-9990-F7610D4FB750}.Debug|x64.ActiveCfg = Debug|Any CPU
		{7410AB03-D144-4A88-9990-F7610D4FB750}.Debug|x64.Build.0 = Debug|Any CPU
		{7410AB03-D144-4A88-9990-F7610D4FB750}.Debug|x86.ActiveCfg = Debug|Any CPU
		{7410AB03-D144-4A88-9990-F7610D4FB750}.Debug|x86.Build.0 = Debug|Any CPU
		{7410AB03-D144-4A88-9990-F7610D4FB750}.Release|Any CPU.ActiveCfg = Release|Any CPU
		{7410AB03-D144-4A88-9990-F7610D4FB750}.Release|Any CPU.Build.0 = Release|Any CPU
		{7410AB03-D144-4A88-9990-F7610D4FB750}.Release|x64.ActiveCfg = Release|Any CPU
		{7410AB03-D144-4A88-9990-F7610D4FB750}.Release|x64.Build.0 = Release|Any CPU
		{7410AB03-D144-4A88-9990-F7610D4FB750}.Release|x86.ActiveCfg = Release|Any CPU
		{7410AB03-D144-4A88-9990-F7610D4FB750}.Release|x86.Build.0 = Release|Any CPU
		{45231225-073A-4778-9123-1AF6D42BACC9}.Debug|Any CPU.ActiveCfg = Debug|Any CPU
		{45231225-073A-4778-9123-1AF6D42BACC9}.Debug|Any CPU.Build.0 = Debug|Any CPU
		{45231225-073A-4778-9123-1AF6D42BACC9}.Debug|x64.ActiveCfg = Debug|Any CPU
		{45231225-073A-4778-9123-1AF6D42BACC9}.Debug|x64.Build.0 = Debug|Any CPU
		{45231225-073A-4778-9123-1AF6D42BACC9}.Debug|x86.ActiveCfg = Debug|Any CPU
		{45231225-073A-4778-9123-1AF6D42BACC9}.Debug|x86.Build.0 = Debug|Any CPU
		{45231225-073A-4778-9123-1AF6D42BACC9}.Release|Any CPU.ActiveCfg = Release|Any CPU
		{45231225-073A-4778-9123-1AF6D42BACC9}.Release|Any CPU.Build.0 = Release|Any CPU
		{45231225-073A-4778-9123-1AF6D42BACC9}.Release|x64.ActiveCfg = Release|Any CPU
		{45231225-073A-4778-9123-1AF6D42BACC9}.Release|x64.Build.0 = Release|Any CPU
		{45231225-073A-4778-9123-1AF6D42BACC9}.Release|x86.ActiveCfg = Release|Any CPU
		{45231225-073A-4778-9123-1AF6D42BACC9}.Release|x86.Build.0 = Release|Any CPU
		{0D1CC4DE-1A8E-4BA1-B38C-3CDCEC421E98}.Debug|Any CPU.ActiveCfg = Debug|Any CPU
		{0D1CC4DE-1A8E-4BA1-B38C-3CDCEC421E98}.Debug|Any CPU.Build.0 = Debug|Any CPU
		{0D1CC4DE-1A8E-4BA1-B38C-3CDCEC421E98}.Debug|x64.ActiveCfg = Debug|Any CPU
		{0D1CC4DE-1A8E-4BA1-B38C-3CDCEC421E98}.Debug|x64.Build.0 = Debug|Any CPU
		{0D1CC4DE-1A8E-4BA1-B38C-3CDCEC421E98}.Debug|x86.ActiveCfg = Debug|Any CPU
		{0D1CC4DE-1A8E-4BA1-B38C-3CDCEC421E98}.Debug|x86.Build.0 = Debug|Any CPU
		{0D1CC4DE-1A8E-4BA1-B38C-3CDCEC421E98}.Release|Any CPU.ActiveCfg = Release|Any CPU
		{0D1CC4DE-1A8E-4BA1-B38C-3CDCEC421E98}.Release|Any CPU.Build.0 = Release|Any CPU
		{0D1CC4DE-1A8E-4BA1-B38C-3CDCEC421E98}.Release|x64.ActiveCfg = Release|Any CPU
		{0D1CC4DE-1A8E-4BA1-B38C-3CDCEC421E98}.Release|x64.Build.0 = Release|Any CPU
		{0D1CC4DE-1A8E-4BA1-B38C-3CDCEC421E98}.Release|x86.ActiveCfg = Release|Any CPU
		{0D1CC4DE-1A8E-4BA1-B38C-3CDCEC421E98}.Release|x86.Build.0 = Release|Any CPU
		{378E2DDA-7C4C-4E2D-B525-6B84C1A3F520}.Debug|Any CPU.ActiveCfg = Debug|Any CPU
		{378E2DDA-7C4C-4E2D-B525-6B84C1A3F520}.Debug|Any CPU.Build.0 = Debug|Any CPU
		{378E2DDA-7C4C-4E2D-B525-6B84C1A3F520}.Debug|x64.ActiveCfg = Debug|Any CPU
		{378E2DDA-7C4C-4E2D-B525-6B84C1A3F520}.Debug|x64.Build.0 = Debug|Any CPU
		{378E2DDA-7C4C-4E2D-B525-6B84C1A3F520}.Debug|x86.ActiveCfg = Debug|Any CPU
		{378E2DDA-7C4C-4E2D-B525-6B84C1A3F520}.Debug|x86.Build.0 = Debug|Any CPU
		{378E2DDA-7C4C-4E2D-B525-6B84C1A3F520}.Release|Any CPU.ActiveCfg = Release|Any CPU
		{378E2DDA-7C4C-4E2D-B525-6B84C1A3F520}.Release|Any CPU.Build.0 = Release|Any CPU
		{378E2DDA-7C4C-4E2D-B525-6B84C1A3F520}.Release|x64.ActiveCfg = Release|Any CPU
		{378E2DDA-7C4C-4E2D-B525-6B84C1A3F520}.Release|x64.Build.0 = Release|Any CPU
		{378E2DDA-7C4C-4E2D-B525-6B84C1A3F520}.Release|x86.ActiveCfg = Release|Any CPU
		{378E2DDA-7C4C-4E2D-B525-6B84C1A3F520}.Release|x86.Build.0 = Release|Any CPU
	EndGlobalSection
EndGlobal
